
Microsoft Visual Studio Solution File, Format Version 12.00
# Visual Studio Version 17
VisualStudioVersion = 17.0.31903.59
MinimumVisualStudioVersion = 10.0.40219.1
Project("{FAE04EC0-301F-11D3-BF4B-00C04F79EFBC}") = "Bytebank", "Bytebank\Bytebank.csproj", "{1FEA62BC-FDB8-46B0-842F-14664213E89F}"
EndProject
Project("{FAE04EC0-301F-11D3-BF4B-00C04F79EFBC}") = "Modelos", "Modelos\Modelos.csproj", "{34AE7EA8-417E-4A89-B265-538DDCBD9E52}"
EndProject
Global
	GlobalSection(SolutionConfigurationPlatforms) = preSolution
		Debug|Any CPU = Debug|Any CPU
		Release|Any CPU = Release|Any CPU
	EndGlobalSection
	GlobalSection(SolutionProperties) = preSolution
		HideSolutionNode = FALSE
	EndGlobalSection
	GlobalSection(ProjectConfigurationPlatforms) = postSolution
		{1FEA62BC-FDB8-46B0-842F-14664213E89F}.Debug|Any CPU.ActiveCfg = Debug|Any CPU
		{1FEA62BC-FDB8-46B0-842F-14664213E89F}.Debug|Any CPU.Build.0 = Debug|Any CPU
		{1FEA62BC-FDB8-46B0-842F-14664213E89F}.Release|Any CPU.ActiveCfg = Release|Any CPU
		{1FEA62BC-FDB8-46B0-842F-14664213E89F}.Release|Any CPU.Build.0 = Release|Any CPU
		{34AE7EA8-417E-4A89-B265-538DDCBD9E52}.Debug|Any CPU.ActiveCfg = Debug|Any CPU
		{34AE7EA8-417E-4A89-B265-538DDCBD9E52}.Debug|Any CPU.Build.0 = Debug|Any CPU
		{34AE7EA8-417E-4A89-B265-538DDCBD9E52}.Release|Any CPU.ActiveCfg = Release|Any CPU
		{34AE7EA8-417E-4A89-B265-538DDCBD9E52}.Release|Any CPU.Build.0 = Release|Any CPU
	EndGlobalSection
EndGlobal
